
Microsoft Visual Studio Solution File, Format Version 12.00
# Visual Studio 11
Project("{E24C65DC-7377-472B-9ABA-BC803B73C61A}") = "app(1)", "http://localhost:29834", "{A24B1AEF-0E46-4341-8D72-1725828C84CD}"
	ProjectSection(WebsiteProperties) = preProject
		Debug.AspNetCompiler.Debug = "True"
		Debug.AspNetCompiler.FixedNames = "false"
		Debug.AspNetCompiler.ForceOverwrite = "true"
		Debug.AspNetCompiler.PhysicalPath = "..\app\"
		Debug.AspNetCompiler.TargetPath = "PrecompiledWeb\app\"
		Debug.AspNetCompiler.Updateable = "true"
		Debug.AspNetCompiler.VirtualPath = "/app"
		Release.AspNetCompiler.Debug = "False"
		Release.AspNetCompiler.FixedNames = "false"
		Release.AspNetCompiler.ForceOverwrite = "true"
		Release.AspNetCompiler.PhysicalPath = "..\app\"
		Release.AspNetCompiler.TargetPath = "PrecompiledWeb\app\"
		Release.AspNetCompiler.Updateable = "true"
		Release.AspNetCompiler.VirtualPath = "/app"
		SlnRelativePath = "..\app\"
		TargetFrameworkMoniker = ".NETFramework,Version%3Dv4.0"
		UseIISExpress = "true"
	EndProjectSection
EndProject
Global
	GlobalSection(SolutionConfigurationPlatforms) = preSolution
		Debug|Any CPU = Debug|Any CPU
	EndGlobalSection
	GlobalSection(ProjectConfigurationPlatforms) = postSolution
		{A24B1AEF-0E46-4341-8D72-1725828C84CD}.Debug|Any CPU.ActiveCfg = Debug|Any CPU
		{A24B1AEF-0E46-4341-8D72-1725828C84CD}.Debug|Any CPU.Build.0 = Debug|Any CPU
	EndGlobalSection
	GlobalSection(SolutionProperties) = preSolution
		HideSolutionNode = FALSE
	EndGlobalSection
EndGlobal
